
Microsoft Visual Studio Solution File, Format Version 12.00
# Visual Studio 15
VisualStudioVersion = 15.0.26730.16
MinimumVisualStudioVersion = 10.0.40219.1
Project("{8BC9CEB8-8B4A-11D0-8D11-00A0C91BC942}") = "Checkers", "Checkers\Checkers.vcxproj", "{A9584D46-3D51-46F8-B904-6319F2396818}"
EndProject
Global
	GlobalSection(SolutionConfigurationPlatforms) = preSolution
		Debug|x64 = Debug|x64
		Debug|x86 = Debug|x86
		Release|x64 = Release|x64
		Release|x86 = Release|x86
	EndGlobalSection
	GlobalSection(ProjectConfigurationPlatforms) = postSolution
		{A9584D46-3D51-46F8-B904-6319F2396818}.Debug|x64.ActiveCfg = Debug|x64
		{A9584D46-3D51-46F8-B904-6319F2396818}.Debug|x64.Build.0 = Debug|x64
		{A9584D46-3D51-46F8-B904-6319F2396818}.Debug|x86.ActiveCfg = Debug|Win32
		{A9584D46-3D51-46F8-B904-6319F2396818}.Debug|x86.Build.0 = Debug|Win32
		{A9584D46-3D51-46F8-B904-6319F2396818}.Release|x64.ActiveCfg = Release|x64
		{A9584D46-3D51-46F8-B904-6319F2396818}.Release|x64.Build.0 = Release|x64
		{A9584D46-3D51-46F8-B904-6319F2396818}.Release|x86.ActiveCfg = Release|Win32
		{A9584D46-3D51-46F8-B904-6319F2396818}.Release|x86.Build.0 = Release|Win32
	EndGlobalSection
	GlobalSection(SolutionProperties) = preSolution
		HideSolutionNode = FALSE
	EndGlobalSection
	GlobalSection(ExtensibilityGlobals) = postSolution
		SolutionGuid = {914AAF95-D2A2-4F22-A655-965C2B3FAF90}
	EndGlobalSection
EndGlobal
